lockfileVersion: '9.0'

settings:
  autoInstallPeers: true
  excludeLinksFromLockfile: false

importers:

  .:
    devDependencies:
      nodemailer:
        specifier: ^6.10.0
        version: 6.10.0

packages:

  nodemailer@6.10.0:
    resolution: {integrity: sha512-SQ3wZCExjeSatLE/HBaXS5vqUOQk6GtBdIIKxiFdmm01mOQZX/POJkO3SUX1wDiYcwUOJwT23scFSC9fY2H8IA==}
    engines: {node: '>=6.0.0'}

snapshots:

  nodemailer@6.10.0: {}
